// !$*UTF8*$!
{
	archiveVersion = 1;
	classes = {
	};
	objectVersion = 51;
	objects = {

/* Begin PBXBuildFile section */
		45FBFEC323F8E2B60045A202 /* AppDelegate.swift in Sources */ = {isa = PBXBuildFile; fileRef = 45FBFEC223F8E2B60045A202 /* AppDelegate.swift */; };
		45FBFECC23F8E2BA0045A202 /* Assets.xcassets in Resources */ = {isa = PBXBuildFile; fileRef = 45FBFECB23F8E2BA0045A202 /* Assets.xcassets */; };
		45FBFECF23F8E2BA0045A202 /* LaunchScreen.storyboard in Resources */ = {isa = PBXBuildFile; fileRef = 45FBFECD23F8E2BA0045A202 /* LaunchScreen.storyboard */; };
		45FBFEDA23F8E2BA0045A202 /* HackerNewsiOSTests.swift in Sources */ = {isa = PBXBuildFile; fileRef = 45FBFED923F8E2BA0045A202 /* HackerNewsiOSTests.swift */; };
		45FBFEE523F8E2BA0045A202 /* HackerNewsiOSUITests.swift in Sources */ = {isa = PBXBuildFile; fileRef = 45FBFEE423F8E2BA0045A202 /* HackerNewsiOSUITests.swift */; };
		45FBFEFB23F8F3D40045A202 /* TopStoriesViewController.swift in Sources */ = {isa = PBXBuildFile; fileRef = 45FBFEFA23F8F3D40045A202 /* TopStoriesViewController.swift */; };
		45FBFEFE23F8F44D0045A202 /* UIColor.swift in Sources */ = {isa = PBXBuildFile; fileRef = 45FBFEFD23F8F44D0045A202 /* UIColor.swift */; };
		45FBFF0123F8F6610045A202 /* URLSessionProtocol.swift in Sources */ = {isa = PBXBuildFile; fileRef = 45FBFF0023F8F6610045A202 /* URLSessionProtocol.swift */; };
		45FBFF0323F8F67D0045A202 /* Optional.swift in Sources */ = {isa = PBXBuildFile; fileRef = 45FBFF0223F8F67D0045A202 /* Optional.swift */; };
		45FBFF0623F8F6E90045A202 /* Logger.swift in Sources */ = {isa = PBXBuildFile; fileRef = 45FBFF0523F8F6E90045A202 /* Logger.swift */; };
		45FBFF0823F8F7090045A202 /* TopStoriesBuilder.swift in Sources */ = {isa = PBXBuildFile; fileRef = 45FBFF0723F8F7090045A202 /* TopStoriesBuilder.swift */; };
		45FBFF0A23F8F7360045A202 /* Story.swift in Sources */ = {isa = PBXBuildFile; fileRef = 45FBFF0923F8F7360045A202 /* Story.swift */; };
		45FBFF0C23F8F7650045A202 /* TopStoriesPresenter.swift in Sources */ = {isa = PBXBuildFile; fileRef = 45FBFF0B23F8F7650045A202 /* TopStoriesPresenter.swift */; };
		45FBFF0E23F8F7CD0045A202 /* StoryService.swift in Sources */ = {isa = PBXBuildFile; fileRef = 45FBFF0D23F8F7CD0045A202 /* StoryService.swift */; };
		45FBFF1123F8F9530045A202 /* StoryDatasource.swift in Sources */ = {isa = PBXBuildFile; fileRef = 45FBFF1023F8F9530045A202 /* StoryDatasource.swift */; };
		45FBFF1323F8F9860045A202 /* TopStoriesTableViewCell.swift in Sources */ = {isa = PBXBuildFile; fileRef = 45FBFF1223F8F9860045A202 /* TopStoriesTableViewCell.swift */; };
		45FBFF1623F8F9E30045A202 /* LoadingTableViewCell.swift in Sources */ = {isa = PBXBuildFile; fileRef = 45FBFF1523F8F9E30045A202 /* LoadingTableViewCell.swift */; };
		45FBFF1823F919460045A202 /* ErrorHandler.swift in Sources */ = {isa = PBXBuildFile; fileRef = 45FBFF1723F919460045A202 /* ErrorHandler.swift */; };
		45FBFF1A23F9197F0045A202 /* Constants.swift in Sources */ = {isa = PBXBuildFile; fileRef = 45FBFF1923F9197F0045A202 /* Constants.swift */; };
		5855D03A1F74063BA8B76047 /* Pods_HackerNewsiOSTests.framework in Frameworks */ = {isa = PBXBuildFile; fileRef = 4E1DA70544E916B621F92ED7 /* Pods_HackerNewsiOSTests.framework */; };
		5CC2864024BBF20A6B0521F1 /* Pods_HackerNewsiOS.framework in Frameworks */ = {isa = PBXBuildFile; fileRef = EACD2EF6C45469F9479ADC4D /* Pods_HackerNewsiOS.framework */; };
		816D3D2AB9C628FFD82847AF /* Pods_HackerNewsiOS_HackerNewsiOSUITests.framework in Frameworks */ = {isa = PBXBuildFile; fileRef = 41F015D836B2C077A2ADD085 /* Pods_HackerNewsiOS_HackerNewsiOSUITests.framework */; };
/* End PBXBuildFile section */

/* Begin PBXContainerItemProxy section */
		45FBFED623F8E2BA0045A202 /* PBXContainerItemProxy */ = {
			isa = PBXContainerItemProxy;
			containerPortal = 45FBFEB723F8E2B60045A202 /* Project object */;
			proxyType = 1;
			remoteGlobalIDString = 45FBFEBE23F8E2B60045A202;
			remoteInfo = HackerNewsiOS;
		};
		45FBFEE123F8E2BA0045A202 /* PBXContainerItemProxy */ = {
			isa = PBXContainerItemProxy;
			containerPortal = 45FBFEB723F8E2B60045A202 /* Project object */;
			proxyType = 1;
			remoteGlobalIDString = 45FBFEBE23F8E2B60045A202;
			remoteInfo = HackerNewsiOS;
		};
/* End PBXContainerItemProxy section */

/* Begin PBXFileReference section */
		09720BE996419F3108BA85B0 /* Pods-HackerNewsiOS-HackerNewsiOSUITests.debug.xcconfig */ = {isa = PBXFileReference; includeInIndex = 1; lastKnownFileType = text.xcconfig; name = "Pods-HackerNewsiOS-HackerNewsiOSUITests.debug.xcconfig"; path = "Target Support Files/Pods-HackerNewsiOS-HackerNewsiOSUITests/Pods-HackerNewsiOS-HackerNewsiOSUITests.debug.xcconfig"; sourceTree = "<group>"; };
		41F015D836B2C077A2ADD085 /* Pods_HackerNewsiOS_HackerNewsiOSUITests.framework */ = {isa = PBXFileReference; explicitFileType = wrapper.framework; includeInIndex = 0; path = Pods_HackerNewsiOS_HackerNewsiOSUITests.framework; sourceTree = BUILT_PRODUCTS_DIR; };
		45B238EE6306407FB3F4EF37 /* Pods-HackerNewsiOS.release.xcconfig */ = {isa = PBXFileReference; includeInIndex = 1; lastKnownFileType = text.xcconfig; name = "Pods-HackerNewsiOS.release.xcconfig"; path = "Target Support Files/Pods-HackerNewsiOS/Pods-HackerNewsiOS.release.xcconfig"; sourceTree = "<group>"; };
		45FBFEBF23F8E2B60045A202 /* HackerNewsiOS.app */ = {isa = PBXFileReference; explicitFileType = wrapper.application; includeInIndex = 0; path = HackerNewsiOS.app; sourceTree = BUILT_PRODUCTS_DIR; };
		45FBFEC223F8E2B60045A202 /* AppDelegate.swift */ = {isa = PBXFileReference; lastKnownFileType = sourcecode.swift; path = AppDelegate.swift; sourceTree = "<group>"; };
		45FBFECB23F8E2BA0045A202 /* Assets.xcassets */ = {isa = PBXFileReference; lastKnownFileType = folder.assetcatalog; path = Assets.xcassets; sourceTree = "<group>"; };
		45FBFECE23F8E2BA0045A202 /* Base */ = {isa = PBXFileReference; lastKnownFileType = file.storyboard; name = Base; path = Base.lproj/LaunchScreen.storyboard; sourceTree = "<group>"; };
		45FBFED023F8E2BA0045A202 /* Info.plist */ = {isa = PBXFileReference; lastKnownFileType = text.plist.xml; path = Info.plist; sourceTree = "<group>"; };
		45FBFED523F8E2BA0045A202 /* HackerNewsiOSTests.xctest */ = {isa = PBXFileReference; explicitFileType = wrapper.cfbundle; includeInIndex = 0; path = HackerNewsiOSTests.xctest; sourceTree = BUILT_PRODUCTS_DIR; };
		45FBFED923F8E2BA0045A202 /* HackerNewsiOSTests.swift */ = {isa = PBXFileReference; lastKnownFileType = sourcecode.swift; path = HackerNewsiOSTests.swift; sourceTree = "<group>"; };
		45FBFEDB23F8E2BA0045A202 /* Info.plist */ = {isa = PBXFileReference; lastKnownFileType = text.plist.xml; path = Info.plist; sourceTree = "<group>"; };
		45FBFEE023F8E2BA0045A202 /* HackerNewsiOSUITests.xctest */ = {isa = PBXFileReference; explicitFileType = wrapper.cfbundle; includeInIndex = 0; path = HackerNewsiOSUITests.xctest; sourceTree = BUILT_PRODUCTS_DIR; };
		45FBFEE423F8E2BA0045A202 /* HackerNewsiOSUITests.swift */ = {isa = PBXFileReference; lastKnownFileType = sourcecode.swift; path = HackerNewsiOSUITests.swift; sourceTree = "<group>"; };
		45FBFEE623F8E2BA0045A202 /* Info.plist */ = {isa = PBXFileReference; lastKnownFileType = text.plist.xml; path = Info.plist; sourceTree = "<group>"; };
		45FBFEFA23F8F3D40045A202 /* TopStoriesViewController.swift */ = {isa = PBXFileReference; lastKnownFileType = sourcecode.swift; path = TopStoriesViewController.swift; sourceTree = "<group>"; };
		45FBFEFD23F8F44D0045A202 /* UIColor.swift */ = {isa = PBXFileReference; lastKnownFileType = sourcecode.swift; path = UIColor.swift; sourceTree = "<group>"; };
		45FBFF0023F8F6610045A202 /* URLSessionProtocol.swift */ = {isa = PBXFileReference; lastKnownFileType = sourcecode.swift; path = URLSessionProtocol.swift; sourceTree = "<group>"; };
		45FBFF0223F8F67D0045A202 /* Optional.swift */ = {isa = PBXFileReference; lastKnownFileType = sourcecode.swift; path = Optional.swift; sourceTree = "<group>"; };
		45FBFF0523F8F6E90045A202 /* Logger.swift */ = {isa = PBXFileReference; lastKnownFileType = sourcecode.swift; path = Logger.swift; sourceTree = "<group>"; };
		45FBFF0723F8F7090045A202 /* TopStoriesBuilder.swift */ = {isa = PBXFileReference; lastKnownFileType = sourcecode.swift; path = TopStoriesBuilder.swift; sourceTree = "<group>"; };
		45FBFF0923F8F7360045A202 /* Story.swift */ = {isa = PBXFileReference; lastKnownFileType = sourcecode.swift; path = Story.swift; sourceTree = "<group>"; };
		45FBFF0B23F8F7650045A202 /* TopStoriesPresenter.swift */ = {isa = PBXFileReference; lastKnownFileType = sourcecode.swift; path = TopStoriesPresenter.swift; sourceTree = "<group>"; };
		45FBFF0D23F8F7CD0045A202 /* StoryService.swift */ = {isa = PBXFileReference; lastKnownFileType = sourcecode.swift; path = StoryService.swift; sourceTree = "<group>"; };
		45FBFF1023F8F9530045A202 /* StoryDatasource.swift */ = {isa = PBXFileReference; lastKnownFileType = sourcecode.swift; path = StoryDatasource.swift; sourceTree = "<group>"; };
		45FBFF1223F8F9860045A202 /* TopStoriesTableViewCell.swift */ = {isa = PBXFileReference; lastKnownFileType = sourcecode.swift; path = TopStoriesTableViewCell.swift; sourceTree = "<group>"; };
		45FBFF1523F8F9E30045A202 /* LoadingTableViewCell.swift */ = {isa = PBXFileReference; lastKnownFileType = sourcecode.swift; path = LoadingTableViewCell.swift; sourceTree = "<group>"; };
		45FBFF1723F919460045A202 /* ErrorHandler.swift */ = {isa = PBXFileReference; lastKnownFileType = sourcecode.swift; path = ErrorHandler.swift; sourceTree = "<group>"; };
		45FBFF1923F9197F0045A202 /* Constants.swift */ = {isa = PBXFileReference; lastKnownFileType = sourcecode.swift; path = Constants.swift; sourceTree = "<group>"; };
		4E1DA70544E916B621F92ED7 /* Pods_HackerNewsiOSTests.framework */ = {isa = PBXFileReference; explicitFileType = wrapper.framework; includeInIndex = 0; path = Pods_HackerNewsiOSTests.framework; sourceTree = BUILT_PRODUCTS_DIR; };
		83D1E1EB5E36FE3AA9B5D658 /* Pods-HackerNewsiOSTests.debug.xcconfig */ = {isa = PBXFileReference; includeInIndex = 1; lastKnownFileType = text.xcconfig; name = "Pods-HackerNewsiOSTests.debug.xcconfig"; path = "Target Support Files/Pods-HackerNewsiOSTests/Pods-HackerNewsiOSTests.debug.xcconfig"; sourceTree = "<group>"; };
		AC2CCB358F1E942F4BA9842C /* Pods-HackerNewsiOS-HackerNewsiOSUITests.release.xcconfig */ = {isa = PBXFileReference; includeInIndex = 1; lastKnownFileType = text.xcconfig; name = "Pods-HackerNewsiOS-HackerNewsiOSUITests.release.xcconfig"; path = "Target Support Files/Pods-HackerNewsiOS-HackerNewsiOSUITests/Pods-HackerNewsiOS-HackerNewsiOSUITests.release.xcconfig"; sourceTree = "<group>"; };
		BB0FEE236CF046062FCF631B /* Pods-HackerNewsiOSTests.release.xcconfig */ = {isa = PBXFileReference; includeInIndex = 1; lastKnownFileType = text.xcconfig; name = "Pods-HackerNewsiOSTests.release.xcconfig"; path = "Target Support Files/Pods-HackerNewsiOSTests/Pods-HackerNewsiOSTests.release.xcconfig"; sourceTree = "<group>"; };
		D25E44BBCD156296DC478375 /* Pods-HackerNewsiOS.debug.xcconfig */ = {isa = PBXFileReference; includeInIndex = 1; lastKnownFileType = text.xcconfig; name = "Pods-HackerNewsiOS.debug.xcconfig"; path = "Target Support Files/Pods-HackerNewsiOS/Pods-HackerNewsiOS.debug.xcconfig"; sourceTree = "<group>"; };
		EACD2EF6C45469F9479ADC4D /* Pods_HackerNewsiOS.framework */ = {isa = PBXFileReference; explicitFileType = wrapper.framework; includeInIndex = 0; path = Pods_HackerNewsiOS.framework; sourceTree = BUILT_PRODUCTS_DIR; };
/* End PBXFileReference section */

/* Begin PBXFrameworksBuildPhase section */
		45FBFEBC23F8E2B60045A202 /* Frameworks */ = {
			isa = PBXFrameworksBuildPhase;
			buildActionMask = 2147483647;
			files = (
				5CC2864024BBF20A6B0521F1 /* Pods_HackerNewsiOS.framework in Frameworks */,
			);
			runOnlyForDeploymentPostprocessing = 0;
		};
		45FBFED223F8E2BA0045A202 /* Frameworks */ = {
			isa = PBXFrameworksBuildPhase;
			buildActionMask = 2147483647;
			files = (
				5855D03A1F74063BA8B76047 /* Pods_HackerNewsiOSTests.framework in Frameworks */,
			);
			runOnlyForDeploymentPostprocessing = 0;
		};
		45FBFEDD23F8E2BA0045A202 /* Frameworks */ = {
			isa = PBXFrameworksBuildPhase;
			buildActionMask = 2147483647;
			files = (
				816D3D2AB9C628FFD82847AF /* Pods_HackerNewsiOS_HackerNewsiOSUITests.framework in Frameworks */,
			);
			runOnlyForDeploymentPostprocessing = 0;
		};
/* End PBXFrameworksBuildPhase section */

/* Begin PBXGroup section */
		2D83B2DDB98E28E6AD37C196 /* Frameworks */ = {
			isa = PBXGroup;
			children = (
				EACD2EF6C45469F9479ADC4D /* Pods_HackerNewsiOS.framework */,
				41F015D836B2C077A2ADD085 /* Pods_HackerNewsiOS_HackerNewsiOSUITests.framework */,
				4E1DA70544E916B621F92ED7 /* Pods_HackerNewsiOSTests.framework */,
			);
			name = Frameworks;
			sourceTree = "<group>";
		};
		45FBFEB623F8E2B60045A202 = {
			isa = PBXGroup;
			children = (
				45FBFEC123F8E2B60045A202 /* HackerNewsiOS */,
				45FBFED823F8E2BA0045A202 /* HackerNewsiOSTests */,
				45FBFEE323F8E2BA0045A202 /* HackerNewsiOSUITests */,
				45FBFEC023F8E2B60045A202 /* Products */,
				B4E55FE68B2570D76DFC341A /* Pods */,
				2D83B2DDB98E28E6AD37C196 /* Frameworks */,
			);
			sourceTree = "<group>";
		};
		45FBFEC023F8E2B60045A202 /* Products */ = {
			isa = PBXGroup;
			children = (
				45FBFEBF23F8E2B60045A202 /* HackerNewsiOS.app */,
				45FBFED523F8E2BA0045A202 /* HackerNewsiOSTests.xctest */,
				45FBFEE023F8E2BA0045A202 /* HackerNewsiOSUITests.xctest */,
			);
			name = Products;
			sourceTree = "<group>";
		};
		45FBFEC123F8E2B60045A202 /* HackerNewsiOS */ = {
			isa = PBXGroup;
			children = (
				45FBFEF423F8F3900045A202 /* Common */,
				45FBFEF223F8F3770045A202 /* Features */,
				45FBFEC223F8E2B60045A202 /* AppDelegate.swift */,
				45FBFECB23F8E2BA0045A202 /* Assets.xcassets */,
				45FBFECD23F8E2BA0045A202 /* LaunchScreen.storyboard */,
				45FBFED023F8E2BA0045A202 /* Info.plist */,
			);
			path = HackerNewsiOS;
			sourceTree = "<group>";
		};
		45FBFED823F8E2BA0045A202 /* HackerNewsiOSTests */ = {
			isa = PBXGroup;
			children = (
				45FBFED923F8E2BA0045A202 /* HackerNewsiOSTests.swift */,
				45FBFEDB23F8E2BA0045A202 /* Info.plist */,
			);
			path = HackerNewsiOSTests;
			sourceTree = "<group>";
		};
		45FBFEE323F8E2BA0045A202 /* HackerNewsiOSUITests */ = {
			isa = PBXGroup;
			children = (
				45FBFEE423F8E2BA0045A202 /* HackerNewsiOSUITests.swift */,
				45FBFEE623F8E2BA0045A202 /* Info.plist */,
			);
			path = HackerNewsiOSUITests;
			sourceTree = "<group>";
		};
		45FBFEF223F8F3770045A202 /* Features */ = {
			isa = PBXGroup;
			children = (
				45FBFEF323F8F3820045A202 /* TopStories */,
			);
			path = Features;
			sourceTree = "<group>";
		};
		45FBFEF323F8F3820045A202 /* TopStories */ = {
			isa = PBXGroup;
			children = (
				45FBFEF923F8F3B90045A202 /* Presenter */,
				45FBFEF823F8F3B00045A202 /* Model */,
				45FBFEF723F8F3A70045A202 /* Service */,
				45FBFEF623F8F3A10045A202 /* Builder */,
				45FBFEF523F8F39B0045A202 /* View */,
			);
			path = TopStories;
			sourceTree = "<group>";
		};
		45FBFEF423F8F3900045A202 /* Common */ = {
			isa = PBXGroup;
			children = (
				45FBFF1423F8F9CE0045A202 /* View */,
				45FBFF0423F8F6D80045A202 /* Utils */,
				45FBFEFF23F8F6470045A202 /* Service */,
				45FBFEFC23F8F43D0045A202 /* Extension */,
			);
			path = Common;
			sourceTree = "<group>";
		};
		45FBFEF523F8F39B0045A202 /* View */ = {
			isa = PBXGroup;
			children = (
				45FBFEFA23F8F3D40045A202 /* TopStoriesViewController.swift */,
				45FBFF1223F8F9860045A202 /* TopStoriesTableViewCell.swift */,
			);
			path = View;
			sourceTree = "<group>";
		};
		45FBFEF623F8F3A10045A202 /* Builder */ = {
			isa = PBXGroup;
			children = (
				45FBFF0723F8F7090045A202 /* TopStoriesBuilder.swift */,
			);
			path = Builder;
			sourceTree = "<group>";
		};
		45FBFEF723F8F3A70045A202 /* Service */ = {
			isa = PBXGroup;
			children = (
				45FBFF0D23F8F7CD0045A202 /* StoryService.swift */,
			);
			path = Service;
			sourceTree = "<group>";
		};
		45FBFEF823F8F3B00045A202 /* Model */ = {
			isa = PBXGroup;
			children = (
				45FBFF0923F8F7360045A202 /* Story.swift */,
				45FBFF1023F8F9530045A202 /* StoryDatasource.swift */,
			);
			path = Model;
			sourceTree = "<group>";
		};
		45FBFEF923F8F3B90045A202 /* Presenter */ = {
			isa = PBXGroup;
			children = (
				45FBFF0B23F8F7650045A202 /* TopStoriesPresenter.swift */,
			);
			path = Presenter;
			sourceTree = "<group>";
		};
		45FBFEFC23F8F43D0045A202 /* Extension */ = {
			isa = PBXGroup;
			children = (
				45FBFEFD23F8F44D0045A202 /* UIColor.swift */,
				45FBFF0223F8F67D0045A202 /* Optional.swift */,
			);
			path = Extension;
			sourceTree = "<group>";
		};
		45FBFEFF23F8F6470045A202 /* Service */ = {
			isa = PBXGroup;
			children = (
				45FBFF0023F8F6610045A202 /* URLSessionProtocol.swift */,
			);
			path = Service;
			sourceTree = "<group>";
		};
		45FBFF0423F8F6D80045A202 /* Utils */ = {
			isa = PBXGroup;
			children = (
				45FBFF0523F8F6E90045A202 /* Logger.swift */,
				45FBFF1723F919460045A202 /* ErrorHandler.swift */,
				45FBFF1923F9197F0045A202 /* Constants.swift */,
			);
			path = Utils;
			sourceTree = "<group>";
		};
		45FBFF1423F8F9CE0045A202 /* View */ = {
			isa = PBXGroup;
			children = (
				45FBFF1523F8F9E30045A202 /* LoadingTableViewCell.swift */,
			);
			path = View;
			sourceTree = "<group>";
		};
		B4E55FE68B2570D76DFC341A /* Pods */ = {
			isa = PBXGroup;
			children = (
				D25E44BBCD156296DC478375 /* Pods-HackerNewsiOS.debug.xcconfig */,
				45B238EE6306407FB3F4EF37 /* Pods-HackerNewsiOS.release.xcconfig */,
				09720BE996419F3108BA85B0 /* Pods-HackerNewsiOS-HackerNewsiOSUITests.debug.xcconfig */,
				AC2CCB358F1E942F4BA9842C /* Pods-HackerNewsiOS-HackerNewsiOSUITests.release.xcconfig */,
				83D1E1EB5E36FE3AA9B5D658 /* Pods-HackerNewsiOSTests.debug.xcconfig */,
				BB0FEE236CF046062FCF631B /* Pods-HackerNewsiOSTests.release.xcconfig */,
			);
			path = Pods;
			sourceTree = "<group>";
		};
/* End PBXGroup section */

/* Begin PBXNativeTarget section */
		45FBFEBE23F8E2B60045A202 /* HackerNewsiOS */ = {
			isa = PBXNativeTarget;
			buildConfigurationList = 45FBFEE923F8E2BA0045A202 /* Build configuration list for PBXNativeTarget "HackerNewsiOS" */;
			buildPhases = (
				0C5BB2BB3F9FE117951CB892 /* [CP] Check Pods Manifest.lock */,
				45FBFEBB23F8E2B60045A202 /* Sources */,
				45FBFEBC23F8E2B60045A202 /* Frameworks */,
				45FBFEBD23F8E2B60045A202 /* Resources */,
				D7A2DE1E06CB90F5B42120A1 /* [CP] Embed Pods Frameworks */,
			);
			buildRules = (
			);
			dependencies = (
			);
			name = HackerNewsiOS;
			productName = HackerNewsiOS;
			productReference = 45FBFEBF23F8E2B60045A202 /* HackerNewsiOS.app */;
			productType = "com.apple.product-type.application";
		};
		45FBFED423F8E2BA0045A202 /* HackerNewsiOSTests */ = {
			isa = PBXNativeTarget;
			buildConfigurationList = 45FBFEEC23F8E2BA0045A202 /* Build configuration list for PBXNativeTarget "HackerNewsiOSTests" */;
			buildPhases = (
				0EDBA66BB99F2B502351A02D /* [CP] Check Pods Manifest.lock */,
				45FBFED123F8E2BA0045A202 /* Sources */,
				45FBFED223F8E2BA0045A202 /* Frameworks */,
				45FBFED323F8E2BA0045A202 /* Resources */,
			);
			buildRules = (
			);
			dependencies = (
				45FBFED723F8E2BA0045A202 /* PBXTargetDependency */,
			);
			name = HackerNewsiOSTests;
			productName = HackerNewsiOSTests;
			productReference = 45FBFED523F8E2BA0045A202 /* HackerNewsiOSTests.xctest */;
			productType = "com.apple.product-type.bundle.unit-test";
		};
		45FBFEDF23F8E2BA0045A202 /* HackerNewsiOSUITests */ = {
			isa = PBXNativeTarget;
			buildConfigurationList = 45FBFEEF23F8E2BA0045A202 /* Build configuration list for PBXNativeTarget "HackerNewsiOSUITests" */;
			buildPhases = (
				32A423FDE00619F368DC4906 /* [CP] Check Pods Manifest.lock */,
				45FBFEDC23F8E2BA0045A202 /* Sources */,
				45FBFEDD23F8E2BA0045A202 /* Frameworks */,
				45FBFEDE23F8E2BA0045A202 /* Resources */,
				39F3E667D0D6E43970920506 /* [CP] Embed Pods Frameworks */,
			);
			buildRules = (
			);
			dependencies = (
				45FBFEE223F8E2BA0045A202 /* PBXTargetDependency */,
			);
			name = HackerNewsiOSUITests;
			productName = HackerNewsiOSUITests;
			productReference = 45FBFEE023F8E2BA0045A202 /* HackerNewsiOSUITests.xctest */;
			productType = "com.apple.product-type.bundle.ui-testing";
		};
/* End PBXNativeTarget section */

/* Begin PBXProject section */
		45FBFEB723F8E2B60045A202 /* Project object */ = {
			isa = PBXProject;
			attributes = {
				LastSwiftUpdateCheck = 1110;
				LastUpgradeCheck = 1110;
				ORGANIZATIONNAME = "Dang Duong Hung";
				TargetAttributes = {
					45FBFEBE23F8E2B60045A202 = {
						CreatedOnToolsVersion = 11.1;
					};
					45FBFED423F8E2BA0045A202 = {
						CreatedOnToolsVersion = 11.1;
						TestTargetID = 45FBFEBE23F8E2B60045A202;
					};
					45FBFEDF23F8E2BA0045A202 = {
						CreatedOnToolsVersion = 11.1;
						TestTargetID = 45FBFEBE23F8E2B60045A202;
					};
				};
			};
			buildConfigurationList = 45FBFEBA23F8E2B60045A202 /* Build configuration list for PBXProject "HackerNewsiOS" */;
			compatibilityVersion = "Xcode 9.3";
			developmentRegion = en;
			hasScannedForEncodings = 0;
			knownRegions = (
				en,
				Base,
			);
			mainGroup = 45FBFEB623F8E2B60045A202;
			productRefGroup = 45FBFEC023F8E2B60045A202 /* Products */;
			projectDirPath = "";
			projectRoot = "";
			targets = (
				45FBFEBE23F8E2B60045A202 /* HackerNewsiOS */,
				45FBFED423F8E2BA0045A202 /* HackerNewsiOSTests */,
				45FBFEDF23F8E2BA0045A202 /* HackerNewsiOSUITests */,
			);
		};
/* End PBXProject section */

/* Begin PBXResourcesBuildPhase section */
		45FBFEBD23F8E2B60045A202 /* Resources */ = {
			isa = PBXResourcesBuildPhase;
			buildActionMask = 2147483647;
			files = (
				45FBFECF23F8E2BA0045A202 /* LaunchScreen.storyboard in Resources */,
				45FBFECC23F8E2BA0045A202 /* Assets.xcassets in Resources */,
			);
			runOnlyForDeploymentPostprocessing = 0;
		};
		45FBFED323F8E2BA0045A202 /* Resources */ = {
			isa = PBXResourcesBuildPhase;
			buildActionMask = 2147483647;
			files = (
			);
			runOnlyForDeploymentPostprocessing = 0;
		};
		45FBFEDE23F8E2BA0045A202 /* Resources */ = {
			isa = PBXResourcesBuildPhase;
			buildActionMask = 2147483647;
			files = (
			);
			runOnlyForDeploymentPostprocessing = 0;
		};
/* End PBXResourcesBuildPhase section */

/* Begin PBXShellScriptBuildPhase section */
		0C5BB2BB3F9FE117951CB892 /* [CP] Check Pods Manifest.lock */ = {
			isa = PBXShellScriptBuildPhase;
			buildActionMask = 2147483647;
			files = (
			);
			inputFileListPaths = (
			);
			inputPaths = (
				"${PODS_PODFILE_DIR_PATH}/Podfile.lock",
				"${PODS_ROOT}/Manifest.lock",
			);
			name = "[CP] Check Pods Manifest.lock";
			outputFileListPaths = (
			);
			outputPaths = (
				"$(DERIVED_FILE_DIR)/Pods-HackerNewsiOS-checkManifestLockResult.txt",
			);
			runOnlyForDeploymentPostprocessing = 0;
			shellPath = /bin/sh;
			shellScript = "diff \"${PODS_PODFILE_DIR_PATH}/Podfile.lock\" \"${PODS_ROOT}/Manifest.lock\" > /dev/null\nif [ $? != 0 ] ; then\n    # print error to STDERR\n    echo \"error: The sandbox is not in sync with the Podfile.lock. Run 'pod install' or update your CocoaPods installation.\" >&2\n    exit 1\nfi\n# This output is used by Xcode 'outputs' to avoid re-running this script phase.\necho \"SUCCESS\" > \"${SCRIPT_OUTPUT_FILE_0}\"\n";
			showEnvVarsInLog = 0;
		};
		0EDBA66BB99F2B502351A02D /* [CP] Check Pods Manifest.lock */ = {
			isa = PBXShellScriptBuildPhase;
			buildActionMask = 2147483647;
			files = (
			);
			inputFileListPaths = (
			);
			inputPaths = (
				"${PODS_PODFILE_DIR_PATH}/Podfile.lock",
				"${PODS_ROOT}/Manifest.lock",
			);
			name = "[CP] Check Pods Manifest.lock";
			outputFileListPaths = (
			);
			outputPaths = (
				"$(DERIVED_FILE_DIR)/Pods-HackerNewsiOSTests-checkManifestLockResult.txt",
			);
			runOnlyForDeploymentPostprocessing = 0;
			shellPath = /bin/sh;
			shellScript = "diff \"${PODS_PODFILE_DIR_PATH}/Podfile.lock\" \"${PODS_ROOT}/Manifest.lock\" > /dev/null\nif [ $? != 0 ] ; then\n    # print error to STDERR\n    echo \"error: The sandbox is not in sync with the Podfile.lock. Run 'pod install' or update your CocoaPods installation.\" >&2\n    exit 1\nfi\n# This output is used by Xcode 'outputs' to avoid re-running this script phase.\necho \"SUCCESS\" > \"${SCRIPT_OUTPUT_FILE_0}\"\n";
			showEnvVarsInLog = 0;
		};
		32A423FDE00619F368DC4906 /* [CP] Check Pods Manifest.lock */ = {
			isa = PBXShellScriptBuildPhase;
			buildActionMask = 2147483647;
			files = (
			);
			inputFileListPaths = (
			);
			inputPaths = (
				"${PODS_PODFILE_DIR_PATH}/Podfile.lock",
				"${PODS_ROOT}/Manifest.lock",
			);
			name = "[CP] Check Pods Manifest.lock";
			outputFileListPaths = (
			);
			outputPaths = (
				"$(DERIVED_FILE_DIR)/Pods-HackerNewsiOS-HackerNewsiOSUITests-checkManifestLockResult.txt",
			);
			runOnlyForDeploymentPostprocessing = 0;
			shellPath = /bin/sh;
			shellScript = "diff \"${PODS_PODFILE_DIR_PATH}/Podfile.lock\" \"${PODS_ROOT}/Manifest.lock\" > /dev/null\nif [ $? != 0 ] ; then\n    # print error to STDERR\n    echo \"error: The sandbox is not in sync with the Podfile.lock. Run 'pod install' or update your CocoaPods installation.\" >&2\n    exit 1\nfi\n# This output is used by Xcode 'outputs' to avoid re-running this script phase.\necho \"SUCCESS\" > \"${SCRIPT_OUTPUT_FILE_0}\"\n";
			showEnvVarsInLog = 0;
		};
		39F3E667D0D6E43970920506 /* [CP] Embed Pods Frameworks */ = {
			isa = PBXShellScriptBuildPhase;
			buildActionMask = 2147483647;
			files = (
			);
			inputFileListPaths = (
				"${PODS_ROOT}/Target Support Files/Pods-HackerNewsiOS-HackerNewsiOSUITests/Pods-HackerNewsiOS-HackerNewsiOSUITests-frameworks-${CONFIGURATION}-input-files.xcfilelist",
			);
			name = "[CP] Embed Pods Frameworks";
			outputFileListPaths = (
				"${PODS_ROOT}/Target Support Files/Pods-HackerNewsiOS-HackerNewsiOSUITests/Pods-HackerNewsiOS-HackerNewsiOSUITests-frameworks-${CONFIGURATION}-output-files.xcfilelist",
			);
			runOnlyForDeploymentPostprocessing = 0;
			shellPath = /bin/sh;
			shellScript = "\"${PODS_ROOT}/Target Support Files/Pods-HackerNewsiOS-HackerNewsiOSUITests/Pods-HackerNewsiOS-HackerNewsiOSUITests-frameworks.sh\"\n";
			showEnvVarsInLog = 0;
		};
		D7A2DE1E06CB90F5B42120A1 /* [CP] Embed Pods Frameworks */ = {
			isa = PBXShellScriptBuildPhase;
			buildActionMask = 2147483647;
			files = (
			);
			inputFileListPaths = (
				"${PODS_ROOT}/Target Support Files/Pods-HackerNewsiOS/Pods-HackerNewsiOS-frameworks-${CONFIGURATION}-input-files.xcfilelist",
			);
			name = "[CP] Embed Pods Frameworks";
			outputFileListPaths = (
				"${PODS_ROOT}/Target Support Files/Pods-HackerNewsiOS/Pods-HackerNewsiOS-frameworks-${CONFIGURATION}-output-files.xcfilelist",
			);
			runOnlyForDeploymentPostprocessing = 0;
			shellPath = /bin/sh;
			shellScript = "\"${PODS_ROOT}/Target Support Files/Pods-HackerNewsiOS/Pods-HackerNewsiOS-frameworks.sh\"\n";
			showEnvVarsInLog = 0;
		};
/* End PBXShellScriptBuildPhase section */

/* Begin PBXSourcesBuildPhase section */
		45FBFEBB23F8E2B60045A202 /* Sources */ = {
			isa = PBXSourcesBuildPhase;
			buildActionMask = 2147483647;
			files = (
				45FBFF0123F8F6610045A202 /* URLSessionProtocol.swift in Sources */,
				45FBFF1823F919460045A202 /* ErrorHandler.swift in Sources */,
				45FBFF0623F8F6E90045A202 /* Logger.swift in Sources */,
				45FBFF0323F8F67D0045A202 /* Optional.swift in Sources */,
				45FBFF1623F8F9E30045A202 /* LoadingTableViewCell.swift in Sources */,
				45FBFF1A23F9197F0045A202 /* Constants.swift in Sources */,
				45FBFEFB23F8F3D40045A202 /* TopStoriesViewController.swift in Sources */,
				45FBFF0C23F8F7650045A202 /* TopStoriesPresenter.swift in Sources */,
				45FBFF1123F8F9530045A202 /* StoryDatasource.swift in Sources */,
				45FBFF0E23F8F7CD0045A202 /* StoryService.swift in Sources */,
				45FBFF1323F8F9860045A202 /* TopStoriesTableViewCell.swift in Sources */,
				45FBFEFE23F8F44D0045A202 /* UIColor.swift in Sources */,
				45FBFEC323F8E2B60045A202 /* AppDelegate.swift in Sources */,
				45FBFF0823F8F7090045A202 /* TopStoriesBuilder.swift in Sources */,
				45FBFF0A23F8F7360045A202 /* Story.swift in Sources */,
			);
			runOnlyForDeploymentPostprocessing = 0;
		};
		45FBFED123F8E2BA0045A202 /* Sources */ = {
			isa = PBXSourcesBuildPhase;
			buildActionMask = 2147483647;
			files = (
				45FBFEDA23F8E2BA0045A202 /* HackerNewsiOSTests.swift in Sources */,
			);
			runOnlyForDeploymentPostprocessing = 0;
		};
		45FBFEDC23F8E2BA0045A202 /* Sources */ = {
			isa = PBXSourcesBuildPhase;
			buildActionMask = 2147483647;
			files = (
				45FBFEE523F8E2BA0045A202 /* HackerNewsiOSUITests.swift in Sources */,
			);
			runOnlyForDeploymentPostprocessing = 0;
		};
/* End PBXSourcesBuildPhase section */

/* Begin PBXTargetDependency section */
		45FBFED723F8E2BA0045A202 /* PBXTargetDependency */ = {
			isa = PBXTargetDependency;
			target = 45FBFEBE23F8E2B60045A202 /* HackerNewsiOS */;
			targetProxy = 45FBFED623F8E2BA0045A202 /* PBXContainerItemProxy */;
		};
		45FBFEE223F8E2BA0045A202 /* PBXTargetDependency */ = {
			isa = PBXTargetDependency;
			target = 45FBFEBE23F8E2B60045A202 /* HackerNewsiOS */;
			targetProxy = 45FBFEE123F8E2BA0045A202 /* PBXContainerItemProxy */;
		};
/* End PBXTargetDependency section */

/* Begin PBXVariantGroup section */
		45FBFECD23F8E2BA0045A202 /* LaunchScreen.storyboard */ = {
			isa = PBXVariantGroup;
			children = (
				45FBFECE23F8E2BA0045A202 /* Base */,
			);
			name = LaunchScreen.storyboard;
			sourceTree = "<group>";
		};
/* End PBXVariantGroup section */

/* Begin XCBuildConfiguration section */
		45FBFEE723F8E2BA0045A202 /* Debug */ = {
			isa = XCBuildConfiguration;
			buildSettings = {
				ALWAYS_SEARCH_USER_PATHS = NO;
				CLANG_ANALYZER_NONNULL = YES;
				CLANG_ANALYZER_NUMBER_OBJECT_CONVERSION = YES_AGGRESSIVE;
				CLANG_CXX_LANGUAGE_STANDARD = "gnu++14";
				CLANG_CXX_LIBRARY = "libc++";
				CLANG_ENABLE_MODULES = YES;
				CLANG_ENABLE_OBJC_ARC = YES;
				CLANG_ENABLE_OBJC_WEAK = YES;
				CLANG_WARN_BLOCK_CAPTURE_AUTORELEASING = YES;
				CLANG_WARN_BOOL_CONVERSION = YES;
				CLANG_WARN_COMMA = YES;
				CLANG_WARN_CONSTANT_CONVERSION = YES;
				CLANG_WARN_DEPRECATED_OBJC_IMPLEMENTATIONS = YES;
				CLANG_WARN_DIRECT_OBJC_ISA_USAGE = YES_ERROR;
				CLANG_WARN_DOCUMENTATION_COMMENTS = YES;
				CLANG_WARN_EMPTY_BODY = YES;
				CLANG_WARN_ENUM_CONVERSION = YES;
				CLANG_WARN_INFINITE_RECURSION = YES;
				CLANG_WARN_INT_CONVERSION = YES;
				CLANG_WARN_NON_LITERAL_NULL_CONVERSION = YES;
				CLANG_WARN_OBJC_IMPLICIT_RETAIN_SELF = YES;
				CLANG_WARN_OBJC_LITERAL_CONVERSION = YES;
				CLANG_WARN_OBJC_ROOT_CLASS = YES_ERROR;
				CLANG_WARN_RANGE_LOOP_ANALYSIS = YES;
				CLANG_WARN_STRICT_PROTOTYPES = YES;
				CLANG_WARN_SUSPICIOUS_MOVE = YES;
				CLANG_WARN_UNGUARDED_AVAILABILITY = YES_AGGRESSIVE;
				CLANG_WARN_UNREACHABLE_CODE = YES;
				CLANG_WARN__DUPLICATE_METHOD_MATCH = YES;
				COPY_PHASE_STRIP = NO;
				DEBUG_INFORMATION_FORMAT = dwarf;
				ENABLE_STRICT_OBJC_MSGSEND = YES;
				ENABLE_TESTABILITY = YES;
				GCC_C_LANGUAGE_STANDARD = gnu11;
				GCC_DYNAMIC_NO_PIC = NO;
				GCC_NO_COMMON_BLOCKS = YES;
				GCC_OPTIMIZATION_LEVEL = 0;
				GCC_PREPROCESSOR_DEFINITIONS = (
					"DEBUG=1",
					"$(inherited)",
				);
				GCC_WARN_64_TO_32_BIT_CONVERSION = YES;
				GCC_WARN_ABOUT_RETURN_TYPE = YES_ERROR;
				GCC_WARN_UNDECLARED_SELECTOR = YES;
				GCC_WARN_UNINITIALIZED_AUTOS = YES_AGGRESSIVE;
				GCC_WARN_UNUSED_FUNCTION = YES;
				GCC_WARN_UNUSED_VARIABLE = YES;
				IPHONEOS_DEPLOYMENT_TARGET = 13.1;
				MTL_ENABLE_DEBUG_INFO = INCLUDE_SOURCE;
				MTL_FAST_MATH = YES;
				ONLY_ACTIVE_ARCH = YES;
				SDKROOT = iphoneos;
				SWIFT_ACTIVE_COMPILATION_CONDITIONS = DEBUG;
				SWIFT_OPTIMIZATION_LEVEL = "-Onone";
			};
			name = Debug;
		};
		45FBFEE823F8E2BA0045A202 /* Release */ = {
			isa = XCBuildConfiguration;
			buildSettings = {
				ALWAYS_SEARCH_USER_PATHS = NO;
				CLANG_ANALYZER_NONNULL = YES;
				CLANG_ANALYZER_NUMBER_OBJECT_CONVERSION = YES_AGGRESSIVE;
				CLANG_CXX_LANGUAGE_STANDARD = "gnu++14";
				CLANG_CXX_LIBRARY = "libc++";
				CLANG_ENABLE_MODULES = YES;
				CLANG_ENABLE_OBJC_ARC = YES;
				CLANG_ENABLE_OBJC_WEAK = YES;
				CLANG_WARN_BLOCK_CAPTURE_AUTORELEASING = YES;
				CLANG_WARN_BOOL_CONVERSION = YES;
				CLANG_WARN_COMMA = YES;
				CLANG_WARN_CONSTANT_CONVERSION = YES;
				CLANG_WARN_DEPRECATED_OBJC_IMPLEMENTATIONS = YES;
				CLANG_WARN_DIRECT_OBJC_ISA_USAGE = YES_ERROR;
				CLANG_WARN_DOCUMENTATION_COMMENTS = YES;
				CLANG_WARN_EMPTY_BODY = YES;
				CLANG_WARN_ENUM_CONVERSION = YES;
				CLANG_WARN_INFINITE_RECURSION = YES;
				CLANG_WARN_INT_CONVERSION = YES;
				CLANG_WARN_NON_LITERAL_NULL_CONVERSION = YES;
				CLANG_WARN_OBJC_IMPLICIT_RETAIN_SELF = YES;
				CLANG_WARN_OBJC_LITERAL_CONVERSION = YES;
				CLANG_WARN_OBJC_ROOT_CLASS = YES_ERROR;
				CLANG_WARN_RANGE_LOOP_ANALYSIS = YES;
				CLANG_WARN_STRICT_PROTOTYPES = YES;
				CLANG_WARN_SUSPICIOUS_MOVE = YES;
				CLANG_WARN_UNGUARDED_AVAILABILITY = YES_AGGRESSIVE;
				CLANG_WARN_UNREACHABLE_CODE = YES;
				CLANG_WARN__DUPLICATE_METHOD_MATCH = YES;
				COPY_PHASE_STRIP = NO;
				DEBUG_INFORMATION_FORMAT = "dwarf-with-dsym";
				ENABLE_NS_ASSERTIONS = NO;
				ENABLE_STRICT_OBJC_MSGSEND = YES;
				GCC_C_LANGUAGE_STANDARD = gnu11;
				GCC_NO_COMMON_BLOCKS = YES;
				GCC_WARN_64_TO_32_BIT_CONVERSION = YES;
				GCC_WARN_ABOUT_RETURN_TYPE = YES_ERROR;
				GCC_WARN_UNDECLARED_SELECTOR = YES;
				GCC_WARN_UNINITIALIZED_AUTOS = YES_AGGRESSIVE;
				GCC_WARN_UNUSED_FUNCTION = YES;
				GCC_WARN_UNUSED_VARIABLE = YES;
				IPHONEOS_DEPLOYMENT_TARGET = 13.1;
				MTL_ENABLE_DEBUG_INFO = NO;
				MTL_FAST_MATH = YES;
				SDKROOT = iphoneos;
				SWIFT_COMPILATION_MODE = wholemodule;
				SWIFT_OPTIMIZATION_LEVEL = "-O";
				VALIDATE_PRODUCT = YES;
			};
			name = Release;
		};
		45FBFEEA23F8E2BA0045A202 /* Debug */ = {
			isa = XCBuildConfiguration;
			baseConfigurationReference = D25E44BBCD156296DC478375 /* Pods-HackerNewsiOS.debug.xcconfig */;
			buildSettings = {
				ASSETCATALOG_COMPILER_APPICON_NAME = AppIcon;
				CODE_SIGN_STYLE = Automatic;
				DEVELOPMENT_TEAM = 9A4HQFAR2M;
				INFOPLIST_FILE = HackerNewsiOS/Info.plist;
				IPHONEOS_DEPLOYMENT_TARGET = 10.0;
				LD_RUNPATH_SEARCH_PATHS = (
					"$(inherited)",
					"@executable_path/Frameworks",
				);
				PRODUCT_BUNDLE_IDENTIFIER = com.duonghung1269.HackerNewsiOS;
				PRODUCT_NAME = "$(TARGET_NAME)";
				SWIFT_VERSION = 5.0;
				TARGETED_DEVICE_FAMILY = "1,2";
			};
			name = Debug;
		};
		45FBFEEB23F8E2BA0045A202 /* Release */ = {
			isa = XCBuildConfiguration;
			baseConfigurationReference = 45B238EE6306407FB3F4EF37 /* Pods-HackerNewsiOS.release.xcconfig */;
			buildSettings = {
				ASSETCATALOG_COMPILER_APPICON_NAME = AppIcon;
				CODE_SIGN_STYLE = Automatic;
				DEVELOPMENT_TEAM = 9A4HQFAR2M;
				INFOPLIST_FILE = HackerNewsiOS/Info.plist;
				IPHONEOS_DEPLOYMENT_TARGET = 10.0;
				LD_RUNPATH_SEARCH_PATHS = (
					"$(inherited)",
					"@executable_path/Frameworks",
				);
				PRODUCT_BUNDLE_IDENTIFIER = com.duonghung1269.HackerNewsiOS;
				PRODUCT_NAME = "$(TARGET_NAME)";
				SWIFT_VERSION = 5.0;
				TARGETED_DEVICE_FAMILY = "1,2";
			};
			name = Release;
		};
		45FBFEED23F8E2BA0045A202 /* Debug */ = {
			isa = XCBuildConfiguration;
			baseConfigurationReference = 83D1E1EB5E36FE3AA9B5D658 /* Pods-HackerNewsiOSTests.debug.xcconfig */;
			buildSettings = {
				ALWAYS_EMBED_SWIFT_STANDARD_LIBRARIES = YES;
				BUNDLE_LOADER = "$(TEST_HOST)";
				CODE_SIGN_STYLE = Automatic;
				DEVELOPMENT_TEAM = 9A4HQFAR2M;
				INFOPLIST_FILE = HackerNewsiOSTests/Info.plist;
				IPHONEOS_DEPLOYMENT_TARGET = 13.1;
				LD_RUNPATH_SEARCH_PATHS = (
					"$(inherited)",
					"@executable_path/Frameworks",
					"@loader_path/Frameworks",
				);
				PRODUCT_BUNDLE_IDENTIFIER = com.duonghung1269.HackerNewsiOSTests;
				PRODUCT_NAME = "$(TARGET_NAME)";
				SWIFT_VERSION = 5.0;
				TARGETED_DEVICE_FAMILY = "1,2";
				TEST_HOST = "$(BUILT_PRODUCTS_DIR)/HackerNewsiOS.app/HackerNewsiOS";
			};
			name = Debug;
		};
		45FBFEEE23F8E2BA0045A202 /* Release */ = {
			isa = XCBuildConfiguration;
			baseConfigurationReference = BB0FEE236CF046062FCF631B /* Pods-HackerNewsiOSTests.release.xcconfig */;
			buildSettings = {
				ALWAYS_EMBED_SWIFT_STANDARD_LIBRARIES = YES;
				BUNDLE_LOADER = "$(TEST_HOST)";
				CODE_SIGN_STYLE = Automatic;
				DEVELOPMENT_TEAM = 9A4HQFAR2M;
				INFOPLIST_FILE = HackerNewsiOSTests/Info.plist;
				IPHONEOS_DEPLOYMENT_TARGET = 13.1;
				LD_RUNPATH_SEARCH_PATHS = (
					"$(inherited)",
					"@executable_path/Frameworks",
					"@loader_path/Frameworks",
				);
				PRODUCT_BUNDLE_IDENTIFIER = com.duonghung1269.HackerNewsiOSTests;
				PRODUCT_NAME = "$(TARGET_NAME)";
				SWIFT_VERSION = 5.0;
				TARGETED_DEVICE_FAMILY = "1,2";
				TEST_HOST = "$(BUILT_PRODUCTS_DIR)/HackerNewsiOS.app/HackerNewsiOS";
			};
			name = Release;
		};
		45FBFEF023F8E2BA0045A202 /* Debug */ = {
			isa = XCBuildConfiguration;
			baseConfigurationReference = 09720BE996419F3108BA85B0 /* Pods-HackerNewsiOS-HackerNewsiOSUITests.debug.xcconfig */;
			buildSettings = {
				ALWAYS_EMBED_SWIFT_STANDARD_LIBRARIES = YES;
				CODE_SIGN_STYLE = Automatic;
				DEVELOPMENT_TEAM = 9A4HQFAR2M;
				INFOPLIST_FILE = HackerNewsiOSUITests/Info.plist;
				LD_RUNPATH_SEARCH_PATHS = (
					"$(inherited)",
					"@executable_path/Frameworks",
					"@loader_path/Frameworks",
				);
				PRODUCT_BUNDLE_IDENTIFIER = com.duonghung1269.HackerNewsiOSUITests;
				PRODUCT_NAME = "$(TARGET_NAME)";
				SWIFT_VERSION = 5.0;
				TARGETED_DEVICE_FAMILY = "1,2";
				TEST_TARGET_NAME = HackerNewsiOS;
			};
			name = Debug;
		};
		45FBFEF123F8E2BA0045A202 /* Release */ = {
			isa = XCBuildConfiguration;
			baseConfigurationReference = AC2CCB358F1E942F4BA9842C /* Pods-HackerNewsiOS-HackerNewsiOSUITests.release.xcconfig */;
			buildSettings = {
				ALWAYS_EMBED_SWIFT_STANDARD_LIBRARIES = YES;
				CODE_SIGN_STYLE = Automatic;
				DEVELOPMENT_TEAM = 9A4HQFAR2M;
				INFOPLIST_FILE = HackerNewsiOSUITests/Info.plist;
				LD_RUNPATH_SEARCH_PATHS = (
					"$(inherited)",
					"@executable_path/Frameworks",
					"@loader_path/Frameworks",
				);
				PRODUCT_BUNDLE_IDENTIFIER = com.duonghung1269.HackerNewsiOSUITests;
				PRODUCT_NAME = "$(TARGET_NAME)";
				SWIFT_VERSION = 5.0;
				TARGETED_DEVICE_FAMILY = "1,2";
				TEST_TARGET_NAME = HackerNewsiOS;
			};
			name = Release;
		};
/* End XCBuildConfiguration section */

/* Begin XCConfigurationList section */
		45FBFEBA23F8E2B60045A202 /* Build configuration list for PBXProject "HackerNewsiOS" */ = {
			isa = XCConfigurationList;
			buildConfigurations = (
				45FBFEE723F8E2BA0045A202 /* Debug */,
				45FBFEE823F8E2BA0045A202 /* Release */,
			);
			defaultConfigurationIsVisible = 0;
			defaultConfigurationName = Release;
		};
		45FBFEE923F8E2BA0045A202 /* Build configuration list for PBXNativeTarget "HackerNewsiOS" */ = {
			isa = XCConfigurationList;
			buildConfigurations = (
				45FBFEEA23F8E2BA0045A202 /* Debug */,
				45FBFEEB23F8E2BA0045A202 /* Release */,
			);
			defaultConfigurationIsVisible = 0;
			defaultConfigurationName = Release;
		};
		45FBFEEC23F8E2BA0045A202 /* Build configuration list for PBXNativeTarget "HackerNewsiOSTests" */ = {
			isa = XCConfigurationList;
			buildConfigurations = (
				45FBFEED23F8E2BA0045A202 /* Debug */,
				45FBFEEE23F8E2BA0045A202 /* Release */,
			);
			defaultConfigurationIsVisible = 0;
			defaultConfigurationName = Release;
		};
		45FBFEEF23F8E2BA0045A202 /* Build configuration list for PBXNativeTarget "HackerNewsiOSUITests" */ = {
			isa = XCConfigurationList;
			buildConfigurations = (
				45FBFEF023F8E2BA0045A202 /* Debug */,
				45FBFEF123F8E2BA0045A202 /* Release */,
			);
			defaultConfigurationIsVisible = 0;
			defaultConfigurationName = Release;
		};
/* End XCConfigurationList section */
	};
	rootObject = 45FBFEB723F8E2B60045A202 /* Project object */;
}
